
Microsoft Visual Studio Solution File, Format Version 12.00
# Visual Studio Version 16
VisualStudioVersion = 16.0.30204.135
MinimumVisualStudioVersion = 10.0.40219.1
Project("{FAE04EC0-301F-11D3-BF4B-00C04F79EFBC}") = "XF_ListView.UWP", "XF_ListView\XF_ListView.UWP\XF_ListView.UWP.csproj", "{F116D504-E2BF-4E57-836D-05759BDBAA2F}"
EndProject
Project("{FAE04EC0-301F-11D3-BF4B-00C04F79EFBC}") = "XF_ListView.Android", "XF_ListView\XF_ListView.Android\XF_ListView.Android.csproj", "{5071EC2B-7673-4F7F-B1D0-1BA723E68FD8}"
EndProject
Project("{FAE04EC0-301F-11D3-BF4B-00C04F79EFBC}") = "XF_ListView.iOS", "XF_ListView\XF_ListView.iOS\XF_ListView.iOS.csproj", "{1581D6DB-4229-4021-978A-115C840F8EAC}"
EndProject
Project("{FAE04EC0-301F-11D3-BF4B-00C04F79EFBC}") = "XF_ListView", "XF_ListView\XF_ListView\XF_ListView.csproj", "{5CCFE279-A085-459F-91C4-24EA7D77579F}"
EndProject
Global
	GlobalSection(SolutionConfigurationPlatforms) = preSolution
		Debug|Any CPU = Debug|Any CPU
		Debug|ARM = Debug|ARM
		Debug|iPhone = Debug|iPhone
		Debug|iPhoneSimulator = Debug|iPhoneSimulator
		Debug|x64 = Debug|x64
		Debug|x86 = Debug|x86
		Release|Any CPU = Release|Any CPU
		Release|ARM = Release|ARM
		Release|iPhone = Release|iPhone
		Release|iPhoneSimulator = Release|iPhoneSimulator
		Release|x64 = Release|x64
		Release|x86 = Release|x86
	EndGlobalSection
	GlobalSection(ProjectConfigurationPlatforms) = postSolution
		{F116D504-E2BF-4E57-836D-05759BDBAA2F}.Debug|Any CPU.ActiveCfg = Debug|x86
		{F116D504-E2BF-4E57-836D-05759BDBAA2F}.Debug|Any CPU.Build.0 = Debug|x86
		{F116D504-E2BF-4E57-836D-05759BDBAA2F}.Debug|Any CPU.Deploy.0 = Debug|x86
		{F116D504-E2BF-4E57-836D-05759BDBAA2F}.Debug|ARM.ActiveCfg = Debug|ARM
		{F116D504-E2BF-4E57-836D-05759BDBAA2F}.Debug|ARM.Build.0 = Debug|ARM
		{F116D504-E2BF-4E57-836D-05759BDBAA2F}.Debug|ARM.Deploy.0 = Debug|ARM
		{F116D504-E2BF-4E57-836D-05759BDBAA2F}.Debug|iPhone.ActiveCfg = Debug|x86
		{F116D504-E2BF-4E57-836D-05759BDBAA2F}.Debug|iPhone.Build.0 = Debug|x86
		{F116D504-E2BF-4E57-836D-05759BDBAA2F}.Debug|iPhone.Deploy.0 = Debug|x86
		{F116D504-E2BF-4E57-836D-05759BDBAA2F}.Debug|iPhoneSimulator.ActiveCfg = Debug|x86
		{F116D504-E2BF-4E57-836D-05759BDBAA2F}.Debug|iPhoneSimulator.Build.0 = Debug|x86
		{F116D504-E2BF-4E57-836D-05759BDBAA2F}.Debug|iPhoneSimulator.Deploy.0 = Debug|x86
		{F116D504-E2BF-4E57-836D-05759BDBAA2F}.Debug|x64.ActiveCfg = Debug|x64
		{F116D504-E2BF-4E57-836D-05759BDBAA2F}.Debug|x64.Build.0 = Debug|x64
		{F116D504-E2BF-4E57-836D-05759BDBAA2F}.Debug|x64.Deploy.0 = Debug|x64
		{F116D504-E2BF-4E57-836D-05759BDBAA2F}.Debug|x86.ActiveCfg = Debug|x86
		{F116D504-E2BF-4E57-836D-05759BDBAA2F}.Debug|x86.Build.0 = Debug|x86
		{F116D504-E2BF-4E57-836D-05759BDBAA2F}.Debug|x86.Deploy.0 = Debug|x86
		{F116D504-E2BF-4E57-836D-05759BDBAA2F}.Release|Any CPU.ActiveCfg = Release|x86
		{F116D504-E2BF-4E57-836D-05759BDBAA2F}.Release|Any CPU.Build.0 = Release|x86
		{F116D504-E2BF-4E57-836D-05759BDBAA2F}.Release|Any CPU.Deploy.0 = Release|x86
		{F116D504-E2BF-4E57-836D-05759BDBAA2F}.Release|ARM.ActiveCfg = Release|ARM
		{F116D504-E2BF-4E57-836D-05759BDBAA2F}.Release|ARM.Build.0 = Release|ARM
		{F116D504-E2BF-4E57-836D-05759BDBAA2F}.Release|ARM.Deploy.0 = Release|ARM
		{F116D504-E2BF-4E57-836D-05759BDBAA2F}.Release|iPhone.ActiveCfg = Release|x86
		{F116D504-E2BF-4E57-836D-05759BDBAA2F}.Release|iPhone.Build.0 = Release|x86
		{F116D504-E2BF-4E57-836D-05759BDBAA2F}.Release|iPhone.Deploy.0 = Release|x86
		{F116D504-E2BF-4E57-836D-05759BDBAA2F}.Release|iPhoneSimulator.ActiveCfg = Release|x86
		{F116D504-E2BF-4E57-836D-05759BDBAA2F}.Release|iPhoneSimulator.Build.0 = Release|x86
		{F116D504-E2BF-4E57-836D-05759BDBAA2F}.Release|iPhoneSimulator.Deploy.0 = Release|x86
		{F116D504-E2BF-4E57-836D-05759BDBAA2F}.Release|x64.ActiveCfg = Release|x64
		{F116D504-E2BF-4E57-836D-05759BDBAA2F}.Release|x64.Build.0 = Release|x64
		{F116D504-E2BF-4E57-836D-05759BDBAA2F}.Release|x64.Deploy.0 = Release|x64
		{F116D504-E2BF-4E57-836D-05759BDBAA2F}.Release|x86.ActiveCfg = Release|x86
		{F116D504-E2BF-4E57-836D-05759BDBAA2F}.Release|x86.Build.0 = Release|x86
		{F116D504-E2BF-4E57-836D-05759BDBAA2F}.Release|x86.Deploy.0 = Release|x86
		{5071EC2B-7673-4F7F-B1D0-1BA723E68FD8}.Debug|Any CPU.ActiveCfg = Debug|Any CPU
		{5071EC2B-7673-4F7F-B1D0-1BA723E68FD8}.Debug|Any CPU.Build.0 = Debug|Any CPU
		{5071EC2B-7673-4F7F-B1D0-1BA723E68FD8}.Debug|Any CPU.Deploy.0 = Debug|Any CPU
		{5071EC2B-7673-4F7F-B1D0-1BA723E68FD8}.Debug|ARM.ActiveCfg = Debug|Any CPU
		{5071EC2B-7673-4F7F-B1D0-1BA723E68FD8}.Debug|ARM.Build.0 = Debug|Any CPU
		{5071EC2B-7673-4F7F-B1D0-1BA723E68FD8}.Debug|ARM.Deploy.0 = Debug|Any CPU
		{5071EC2B-7673-4F7F-B1D0-1BA723E68FD8}.Debug|iPhone.ActiveCfg = Debug|Any CPU
		{5071EC2B-7673-4F7F-B1D0-1BA723E68FD8}.Debug|iPhone.Build.0 = Debug|Any CPU
		{5071EC2B-7673-4F7F-B1D0-1BA723E68FD8}.Debug|iPhone.Deploy.0 = Debug|Any CPU
		{5071EC2B-7673-4F7F-B1D0-1BA723E68FD8}.Debug|iPhoneSimulator.ActiveCfg = Debug|Any CPU
		{5071EC2B-7673-4F7F-B1D0-1BA723E68FD8}.Debug|iPhoneSimulator.Build.0 = Debug|Any CPU
		{5071EC2B-7673-4F7F-B1D0-1BA723E68FD8}.Debug|iPhoneSimulator.Deploy.0 = Debug|Any CPU
		{5071EC2B-7673-4F7F-B1D0-1BA723E68FD8}.Debug|x64.ActiveCfg = Debug|Any CPU
		{5071EC2B-7673-4F7F-B1D0-1BA723E68FD8}.Debug|x64.Build.0 = Debug|Any CPU
		{5071EC2B-7673-4F7F-B1D0-1BA723E68FD8}.Debug|x64.Deploy.0 = Debug|Any CPU
		{5071EC2B-7673-4F7F-B1D0-1BA723E68FD8}.Debug|x86.ActiveCfg = Debug|Any CPU
		{5071EC2B-7673-4F7F-B1D0-1BA723E68FD8}.Debug|x86.Build.0 = Debug|Any CPU
		{5071EC2B-7673-4F7F-B1D0-1BA723E68FD8}.Debug|x86.Deploy.0 = Debug|Any CPU
		{5071EC2B-7673-4F7F-B1D0-1BA723E68FD8}.Release|Any CPU.ActiveCfg = Release|Any CPU
		{5071EC2B-7673-4F7F-B1D0-1BA723E68FD8}.Release|Any CPU.Build.0 = Release|Any CPU
		{5071EC2B-7673-4F7F-B1D0-1BA723E68FD8}.Release|Any CPU.Deploy.0 = Release|Any CPU
		{5071EC2B-7673-4F7F-B1D0-1BA723E68FD8}.Release|ARM.ActiveCfg = Release|Any CPU
		{5071EC2B-7673-4F7F-B1D0-1BA723E68FD8}.Release|ARM.Build.0 = Release|Any CPU
		{5071EC2B-7673-4F7F-B1D0-1BA723E68FD8}.Release|ARM.Deploy.0 = Release|Any CPU
		{5071EC2B-7673-4F7F-B1D0-1BA723E68FD8}.Release|iPhone.ActiveCfg = Release|Any CPU
		{5071EC2B-7673-4F7F-B1D0-1BA723E68FD8}.Release|iPhone.Build.0 = Release|Any CPU
		{5071EC2B-7673-4F7F-B1D0-1BA723E68FD8}.Release|iPhone.Deploy.0 = Release|Any CPU
		{5071EC2B-7673-4F7F-B1D0-1BA723E68FD8}.Release|iPhoneSimulator.ActiveCfg = Release|Any CPU
		{5071EC2B-7673-4F7F-B1D0-1BA723E68FD8}.Release|iPhoneSimulator.Build.0 = Release|Any CPU
		{5071EC2B-7673-4F7F-B1D0-1BA723E68FD8}.Release|iPhoneSimulator.Deploy.0 = Release|Any CPU
		{5071EC2B-7673-4F7F-B1D0-1BA723E68FD8}.Release|x64.ActiveCfg = Release|Any CPU
		{5071EC2B-7673-4F7F-B1D0-1BA723E68FD8}.Release|x64.Build.0 = Release|Any CPU
		{5071EC2B-7673-4F7F-B1D0-1BA723E68FD8}.Release|x64.Deploy.0 = Release|Any CPU
		{5071EC2B-7673-4F7F-B1D0-1BA723E68FD8}.Release|x86.ActiveCfg = Release|Any CPU
		{5071EC2B-7673-4F7F-B1D0-1BA723E68FD8}.Release|x86.Build.0 = Release|Any CPU
		{5071EC2B-7673-4F7F-B1D0-1BA723E68FD8}.Release|x86.Deploy.0 = Release|Any CPU
		{1581D6DB-4229-4021-978A-115C840F8EAC}.Debug|Any CPU.ActiveCfg = Debug|iPhone
		{1581D6DB-4229-4021-978A-115C840F8EAC}.Debug|Any CPU.Build.0 = Debug|iPhone
		{1581D6DB-4229-4021-978A-115C840F8EAC}.Debug|Any CPU.Deploy.0 = Debug|iPhone
		{1581D6DB-4229-4021-978A-115C840F8EAC}.Debug|ARM.ActiveCfg = Debug|iPhone
		{1581D6DB-4229-4021-978A-115C840F8EAC}.Debug|ARM.Build.0 = Debug|iPhone
		{1581D6DB-4229-4021-978A-115C840F8EAC}.Debug|ARM.Deploy.0 = Debug|iPhone
		{1581D6DB-4229-4021-978A-115C840F8EAC}.Debug|iPhone.ActiveCfg = Debug|iPhone
		{1581D6DB-4229-4021-978A-115C840F8EAC}.Debug|iPhone.Build.0 = Debug|iPhone
		{1581D6DB-4229-4021-978A-115C840F8EAC}.Debug|iPhone.Deploy.0 = Debug|iPhone
		{1581D6DB-4229-4021-978A-115C840F8EAC}.Debug|iPhoneSimulator.ActiveCfg = Debug|iPhoneSimulator
		{1581D6DB-4229-4021-978A-115C840F8EAC}.Debug|iPhoneSimulator.Build.0 = Debug|iPhoneSimulator
		{1581D6DB-4229-4021-978A-115C840F8EAC}.Debug|iPhoneSimulator.Deploy.0 = Debug|iPhoneSimulator
		{1581D6DB-4229-4021-978A-115C840F8EAC}.Debug|x64.ActiveCfg = Debug|iPhone
		{1581D6DB-4229-4021-978A-115C840F8EAC}.Debug|x64.Build.0 = Debug|iPhone
		{1581D6DB-4229-4021-978A-115C840F8EAC}.Debug|x64.Deploy.0 = Debug|iPhone
		{1581D6DB-4229-4021-978A-115C840F8EAC}.Debug|x86.ActiveCfg = Debug|iPhone
		{1581D6DB-4229-4021-978A-115C840F8EAC}.Debug|x86.Build.0 = Debug|iPhone
		{1581D6DB-4229-4021-978A-115C840F8EAC}.Debug|x86.Deploy.0 = Debug|iPhone
		{1581D6DB-4229-4021-978A-115C840F8EAC}.Release|Any CPU.ActiveCfg = Release|iPhone
		{1581D6DB-4229-4021-978A-115C840F8EAC}.Release|Any CPU.Build.0 = Release|iPhone
		{1581D6DB-4229-4021-978A-115C840F8EAC}.Release|Any CPU.Deploy.0 = Release|iPhone
		{1581D6DB-4229-4021-978A-115C840F8EAC}.Release|ARM.ActiveCfg = Release|iPhone
		{1581D6DB-4229-4021-978A-115C840F8EAC}.Release|ARM.Build.0 = Release|iPhone
		{1581D6DB-4229-4021-978A-115C840F8EAC}.Release|ARM.Deploy.0 = Release|iPhone
		{1581D6DB-4229-4021-978A-115C840F8EAC}.Release|iPhone.ActiveCfg = Release|iPhone
		{1581D6DB-4229-4021-978A-115C840F8EAC}.Release|iPhone.Build.0 = Release|iPhone
		{1581D6DB-4229-4021-978A-115C840F8EAC}.Release|iPhone.Deploy.0 = Release|iPhone
		{1581D6DB-4229-4021-978A-115C840F8EAC}.Release|iPhoneSimulator.ActiveCfg = Release|iPhoneSimulator
		{1581D6DB-4229-4021-978A-115C840F8EAC}.Release|iPhoneSimulator.Build.0 = Release|iPhoneSimulator
		{1581D6DB-4229-4021-978A-115C840F8EAC}.Release|iPhoneSimulator.Deploy.0 = Release|iPhoneSimulator
		{1581D6DB-4229-4021-978A-115C840F8EAC}.Release|x64.ActiveCfg = Release|iPhone
		{1581D6DB-4229-4021-978A-115C840F8EAC}.Release|x64.Build.0 = Release|iPhone
		{1581D6DB-4229-4021-978A-115C840F8EAC}.Release|x64.Deploy.0 = Release|iPhone
		{1581D6DB-4229-4021-978A-115C840F8EAC}.Release|x86.ActiveCfg = Release|iPhone
		{1581D6DB-4229-4021-978A-115C840F8EAC}.Release|x86.Build.0 = Release|iPhone
		{1581D6DB-4229-4021-978A-115C840F8EAC}.Release|x86.Deploy.0 = Release|iPhone
		{5CCFE279-A085-459F-91C4-24EA7D77579F}.Debug|Any CPU.ActiveCfg = Debug|Any CPU
		{5CCFE279-A085-459F-91C4-24EA7D77579F}.Debug|Any CPU.Build.0 = Debug|Any CPU
		{5CCFE279-A085-459F-91C4-24EA7D77579F}.Debug|Any CPU.Deploy.0 = Debug|Any CPU
		{5CCFE279-A085-459F-91C4-24EA7D77579F}.Debug|ARM.ActiveCfg = Debug|Any CPU
		{5CCFE279-A085-459F-91C4-24EA7D77579F}.Debug|ARM.Build.0 = Debug|Any CPU
		{5CCFE279-A085-459F-91C4-24EA7D77579F}.Debug|ARM.Deploy.0 = Debug|Any CPU
		{5CCFE279-A085-459F-91C4-24EA7D77579F}.Debug|iPhone.ActiveCfg = Debug|Any CPU
		{5CCFE279-A085-459F-91C4-24EA7D77579F}.Debug|iPhone.Build.0 = Debug|Any CPU
		{5CCFE279-A085-459F-91C4-24EA7D77579F}.Debug|iPhone.Deploy.0 = Debug|Any CPU
		{5CCFE279-A085-459F-91C4-24EA7D77579F}.Debug|iPhoneSimulator.ActiveCfg = Debug|Any CPU
		{5CCFE279-A085-459F-91C4-24EA7D77579F}.Debug|iPhoneSimulator.Build.0 = Debug|Any CPU
		{5CCFE279-A085-459F-91C4-24EA7D77579F}.Debug|iPhoneSimulator.Deploy.0 = Debug|Any CPU
		{5CCFE279-A085-459F-91C4-24EA7D77579F}.Debug|x64.ActiveCfg = Debug|Any CPU
		{5CCFE279-A085-459F-91C4-24EA7D77579F}.Debug|x64.Build.0 = Debug|Any CPU
		{5CCFE279-A085-459F-91C4-24EA7D77579F}.Debug|x64.Deploy.0 = Debug|Any CPU
		{5CCFE279-A085-459F-91C4-24EA7D77579F}.Debug|x86.ActiveCfg = Debug|Any CPU
		{5CCFE279-A085-459F-91C4-24EA7D77579F}.Debug|x86.Build.0 = Debug|Any CPU
		{5CCFE279-A085-459F-91C4-24EA7D77579F}.Debug|x86.Deploy.0 = Debug|Any CPU
		{5CCFE279-A085-459F-91C4-24EA7D77579F}.Release|Any CPU.ActiveCfg = Release|Any CPU
		{5CCFE279-A085-459F-91C4-24EA7D77579F}.Release|Any CPU.Build.0 = Release|Any CPU
		{5CCFE279-A085-459F-91C4-24EA7D77579F}.Release|Any CPU.Deploy.0 = Release|Any CPU
		{5CCFE279-A085-459F-91C4-24EA7D77579F}.Release|ARM.ActiveCfg = Release|Any CPU
		{5CCFE279-A085-459F-91C4-24EA7D77579F}.Release|ARM.Build.0 = Release|Any CPU
		{5CCFE279-A085-459F-91C4-24EA7D77579F}.Release|ARM.Deploy.0 = Release|Any CPU
		{5CCFE279-A085-459F-91C4-24EA7D77579F}.Release|iPhone.ActiveCfg = Release|Any CPU
		{5CCFE279-A085-459F-91C4-24EA7D77579F}.Release|iPhone.Build.0 = Release|Any CPU
		{5CCFE279-A085-459F-91C4-24EA7D77579F}.Release|iPhone.Deploy.0 = Release|Any CPU
		{5CCFE279-A085-459F-91C4-24EA7D77579F}.Release|iPhoneSimulator.ActiveCfg = Release|Any CPU
		{5CCFE279-A085-459F-91C4-24EA7D77579F}.Release|iPhoneSimulator.Build.0 = Release|Any CPU
		{5CCFE279-A085-459F-91C4-24EA7D77579F}.Release|iPhoneSimulator.Deploy.0 = Release|Any CPU
		{5CCFE279-A085-459F-91C4-24EA7D77579F}.Release|x64.ActiveCfg = Release|Any CPU
		{5CCFE279-A085-459F-91C4-24EA7D77579F}.Release|x64.Build.0 = Release|Any CPU
		{5CCFE279-A085-459F-91C4-24EA7D77579F}.Release|x64.Deploy.0 = Release|Any CPU
		{5CCFE279-A085-459F-91C4-24EA7D77579F}.Release|x86.ActiveCfg = Release|Any CPU
		{5CCFE279-A085-459F-91C4-24EA7D77579F}.Release|x86.Build.0 = Release|Any CPU
		{5CCFE279-A085-459F-91C4-24EA7D77579F}.Release|x86.Deploy.0 = Release|Any CPU
	EndGlobalSection
	GlobalSection(SolutionProperties) = preSolution
		HideSolutionNode = FALSE
	EndGlobalSection
	GlobalSection(ExtensibilityGlobals) = postSolution
		SolutionGuid = {BD3D68F5-F130-4D1D-AF2D-36FA0B4BEF7D}
	EndGlobalSection
EndGlobal
